
Microsoft Visual Studio Solution File, Format Version 12.00
# Visual Studio Version 16
VisualStudioVersion = 16.0.30711.63
MinimumVisualStudioVersion = 10.0.40219.1
Project("{FAE04EC0-301F-11D3-BF4B-00C04F79EFBC}") = "OASystems.ITRBroker", "OASystems.ITRBroker\OASystems.ITRBroker.csproj", "{003C1AE2-63AA-42D7-8359-31CB9284B05B}"
EndProject
Global
	GlobalSection(SolutionConfigurationPlatforms) = preSolution
		Debug|Any CPU = Debug|Any CPU
		Release|Any CPU = Release|Any CPU
	EndGlobalSection
	GlobalSection(ProjectConfigurationPlatforms) = postSolution
		{003C1AE2-63AA-42D7-8359-31CB9284B05B}.Debug|Any CPU.ActiveCfg = Debug|Any CPU
		{003C1AE2-63AA-42D7-8359-31CB9284B05B}.Debug|Any CPU.Build.0 = Debug|Any CPU
		{003C1AE2-63AA-42D7-8359-31CB9284B05B}.Release|Any CPU.ActiveCfg = Release|Any CPU
		{003C1AE2-63AA-42D7-8359-31CB9284B05B}.Release|Any CPU.Build.0 = Release|Any CPU
	EndGlobalSection
	GlobalSection(SolutionProperties) = preSolution
		HideSolutionNode = FALSE
	EndGlobalSection
	GlobalSection(ExtensibilityGlobals) = postSolution
		SolutionGuid = {A32F61C0-69FC-48DB-8BBD-3986AE76E5F8}
	EndGlobalSection
EndGlobal
